
Microsoft Visual Studio Solution File, Format Version 12.00
# Visual Studio 15
Project("{FAE04EC0-301F-11D3-BF4B-00C04F79EFBC}") = "FizmatOriginal.Android", "FizmatOriginal.Android\FizmatOriginal.Android.csproj", "{575FE3FD-C9E5-4A58-A43A-C226CACCAEC6}"
EndProject
Project("{FAE04EC0-301F-11D3-BF4B-00C04F79EFBC}") = "FizmatOriginal.iOS", "FizmatOriginal.iOS\FizmatOriginal.iOS.csproj", "{1C80DE54-B45A-4097-AB85-E2740F234B9A}"
EndProject
Project("{FAE04EC0-301F-11D3-BF4B-00C04F79EFBC}") = "FizmatOriginal.UITests", "FizmatOriginal.UITests\FizmatOriginal.UITests.csproj", "{586F6A11-E466-4558-9D60-5D66B4797564}"
EndProject
Project("{FAE04EC0-301F-11D3-BF4B-00C04F79EFBC}") = "FizmatOriginal", "FizmatOriginal\FizmatOriginal.csproj", "{55752E09-5D83-41F6-8BB1-692EA2817588}"
EndProject
Global
	GlobalSection(SolutionConfigurationPlatforms) = preSolution
		Debug|Any CPU = Debug|Any CPU
		Release|Any CPU = Release|Any CPU
		Debug|iPhoneSimulator = Debug|iPhoneSimulator
		Release|iPhoneSimulator = Release|iPhoneSimulator
		Debug|iPhone = Debug|iPhone
		Release|iPhone = Release|iPhone
	EndGlobalSection
	GlobalSection(ProjectConfigurationPlatforms) = postSolution
		{575FE3FD-C9E5-4A58-A43A-C226CACCAEC6}.Debug|Any CPU.ActiveCfg = Debug|Any CPU
		{575FE3FD-C9E5-4A58-A43A-C226CACCAEC6}.Debug|Any CPU.Build.0 = Debug|Any CPU
		{575FE3FD-C9E5-4A58-A43A-C226CACCAEC6}.Release|Any CPU.ActiveCfg = Release|Any CPU
		{575FE3FD-C9E5-4A58-A43A-C226CACCAEC6}.Release|Any CPU.Build.0 = Release|Any CPU
		{575FE3FD-C9E5-4A58-A43A-C226CACCAEC6}.Debug|iPhoneSimulator.ActiveCfg = Debug|Any CPU
		{575FE3FD-C9E5-4A58-A43A-C226CACCAEC6}.Debug|iPhoneSimulator.Build.0 = Debug|Any CPU
		{575FE3FD-C9E5-4A58-A43A-C226CACCAEC6}.Release|iPhoneSimulator.ActiveCfg = Release|Any CPU
		{575FE3FD-C9E5-4A58-A43A-C226CACCAEC6}.Release|iPhoneSimulator.Build.0 = Release|Any CPU
		{575FE3FD-C9E5-4A58-A43A-C226CACCAEC6}.Debug|iPhone.ActiveCfg = Debug|Any CPU
		{575FE3FD-C9E5-4A58-A43A-C226CACCAEC6}.Debug|iPhone.Build.0 = Debug|Any CPU
		{575FE3FD-C9E5-4A58-A43A-C226CACCAEC6}.Release|iPhone.ActiveCfg = Release|Any CPU
		{575FE3FD-C9E5-4A58-A43A-C226CACCAEC6}.Release|iPhone.Build.0 = Release|Any CPU
		{1C80DE54-B45A-4097-AB85-E2740F234B9A}.Debug|Any CPU.ActiveCfg = Debug|iPhoneSimulator
		{1C80DE54-B45A-4097-AB85-E2740F234B9A}.Debug|Any CPU.Build.0 = Debug|iPhoneSimulator
		{1C80DE54-B45A-4097-AB85-E2740F234B9A}.Release|Any CPU.ActiveCfg = Release|iPhoneSimulator
		{1C80DE54-B45A-4097-AB85-E2740F234B9A}.Release|Any CPU.Build.0 = Release|iPhoneSimulator
		{1C80DE54-B45A-4097-AB85-E2740F234B9A}.Debug|iPhoneSimulator.ActiveCfg = Debug|iPhoneSimulator
		{1C80DE54-B45A-4097-AB85-E2740F234B9A}.Debug|iPhoneSimulator.Build.0 = Debug|iPhoneSimulator
		{1C80DE54-B45A-4097-AB85-E2740F234B9A}.Release|iPhoneSimulator.ActiveCfg = Release|iPhoneSimulator
		{1C80DE54-B45A-4097-AB85-E2740F234B9A}.Release|iPhoneSimulator.Build.0 = Release|iPhoneSimulator
		{1C80DE54-B45A-4097-AB85-E2740F234B9A}.Debug|iPhone.ActiveCfg = Debug|iPhone
		{1C80DE54-B45A-4097-AB85-E2740F234B9A}.Debug|iPhone.Build.0 = Debug|iPhone
		{1C80DE54-B45A-4097-AB85-E2740F234B9A}.Release|iPhone.ActiveCfg = Release|iPhone
		{1C80DE54-B45A-4097-AB85-E2740F234B9A}.Release|iPhone.Build.0 = Release|iPhone
		{586F6A11-E466-4558-9D60-5D66B4797564}.Debug|Any CPU.ActiveCfg = Debug|Any CPU
		{586F6A11-E466-4558-9D60-5D66B4797564}.Debug|Any CPU.Build.0 = Debug|Any CPU
		{586F6A11-E466-4558-9D60-5D66B4797564}.Release|Any CPU.ActiveCfg = Release|Any CPU
		{586F6A11-E466-4558-9D60-5D66B4797564}.Release|Any CPU.Build.0 = Release|Any CPU
		{586F6A11-E466-4558-9D60-5D66B4797564}.Debug|iPhoneSimulator.ActiveCfg = Debug|Any CPU
		{586F6A11-E466-4558-9D60-5D66B4797564}.Debug|iPhoneSimulator.Build.0 = Debug|Any CPU
		{586F6A11-E466-4558-9D60-5D66B4797564}.Release|iPhoneSimulator.ActiveCfg = Release|Any CPU
		{586F6A11-E466-4558-9D60-5D66B4797564}.Release|iPhoneSimulator.Build.0 = Release|Any CPU
		{586F6A11-E466-4558-9D60-5D66B4797564}.Debug|iPhone.ActiveCfg = Debug|Any CPU
		{586F6A11-E466-4558-9D60-5D66B4797564}.Debug|iPhone.Build.0 = Debug|Any CPU
		{586F6A11-E466-4558-9D60-5D66B4797564}.Release|iPhone.ActiveCfg = Release|Any CPU
		{586F6A11-E466-4558-9D60-5D66B4797564}.Release|iPhone.Build.0 = Release|Any CPU
		{55752E09-5D83-41F6-8BB1-692EA2817588}.Debug|Any CPU.ActiveCfg = Debug|Any CPU
		{55752E09-5D83-41F6-8BB1-692EA2817588}.Debug|Any CPU.Build.0 = Debug|Any CPU
		{55752E09-5D83-41F6-8BB1-692EA2817588}.Release|Any CPU.ActiveCfg = Release|Any CPU
		{55752E09-5D83-41F6-8BB1-692EA2817588}.Release|Any CPU.Build.0 = Release|Any CPU
		{55752E09-5D83-41F6-8BB1-692EA2817588}.Debug|iPhoneSimulator.ActiveCfg = Debug|Any CPU
		{55752E09-5D83-41F6-8BB1-692EA2817588}.Debug|iPhoneSimulator.Build.0 = Debug|Any CPU
		{55752E09-5D83-41F6-8BB1-692EA2817588}.Release|iPhoneSimulator.ActiveCfg = Release|Any CPU
		{55752E09-5D83-41F6-8BB1-692EA2817588}.Release|iPhoneSimulator.Build.0 = Release|Any CPU
		{55752E09-5D83-41F6-8BB1-692EA2817588}.Debug|iPhone.ActiveCfg = Debug|Any CPU
		{55752E09-5D83-41F6-8BB1-692EA2817588}.Debug|iPhone.Build.0 = Debug|Any CPU
		{55752E09-5D83-41F6-8BB1-692EA2817588}.Release|iPhone.ActiveCfg = Release|Any CPU
		{55752E09-5D83-41F6-8BB1-692EA2817588}.Release|iPhone.Build.0 = Release|Any CPU
	EndGlobalSection
EndGlobal
